
Microsoft Visual Studio Solution File, Format Version 12.00
# Visual Studio Version 17
VisualStudioVersion = 17.14.36518.9
MinimumVisualStudioVersion = 10.0.40219.1
Project("{2150E333-8FDC-42A3-9474-1A3956D46DE8}") = "Engine", "Engine", "{02EA681E-C7D8-13C7-8484-4AC65E1B71E8}"
EndProject
Project("{8BC9CEB8-8B4A-11D0-8D11-00A0C91BC942}") = "VisualEngine", "Engine\VisualEngine\VisualEngine.vcxproj", "{3B539194-0711-44F2-86A3-D60BD219C8B3}"
EndProject
Project("{2150E333-8FDC-42A3-9474-1A3956D46DE8}") = "Framework", "Framework", "{327DF2BD-C5C1-4F3D-A451-D0F64E995D6F}"
EndProject
Project("{8BC9CEB8-8B4A-11D0-8D11-00A0C91BC942}") = "Core", "Framework\Core\Core.vcxproj", "{08F6AFEC-D45C-489B-A354-F23E5E9D245D}"
EndProject
Project("{2150E333-8FDC-42A3-9474-1A3956D46DE8}") = "VGP242", "VGP242", "{793F6119-EA38-4DD8-AAB8-F19A932BCD23}"
EndProject
Project("{8BC9CEB8-8B4A-11D0-8D11-00A0C91BC942}") = "01_HelloWindow", "VGP242\01_HelloWindow\01_HelloWindow.vcxproj", "{4301A144-2A74-45ED-ADF1-3E502C50392B}"
EndProject
Project("{8BC9CEB8-8B4A-11D0-8D11-00A0C91BC942}") = "Input", "Framework\Input\Input.vcxproj", "{3629F01A-6FED-42EB-B308-E9F7F1346EAF}"
EndProject
Project("{8BC9CEB8-8B4A-11D0-8D11-00A0C91BC942}") = "Graphics", "Framework\Graphics\Graphics.vcxproj", "{3E24FFB2-C327-42CB-96B7-E19F0B1F3663}"
EndProject
Project("{2150E333-8FDC-42A3-9474-1A3956D46DE8}") = "External", "External", "{93B8F512-EB92-4C43-9B19-BE9D9AC90465}"
EndProject
Project("{8BC9CEB8-8B4A-11D0-8D11-00A0C91BC942}") = "DirectXTK_Desktop_2022", "External\DirectXTK\DirectXTK_Desktop_2022.vcxproj", "{E0B52AE7-E160-4D32-BF3F-910B785E5A8E}"
EndProject
Project("{8BC9CEB8-8B4A-11D0-8D11-00A0C91BC942}") = "Math", "Framework\Math\Math.vcxproj", "{007F097F-F63A-40A8-8132-0FAAC735A57A}"
EndProject
Project("{8BC9CEB8-8B4A-11D0-8D11-00A0C91BC942}") = "02_HelloShapes", "VGP242\02_HelloShapes\02_HelloShapes.vcxproj", "{8C225F97-6928-40E3-9A79-C254C4AF2162}"
EndProject
Project("{2150E333-8FDC-42A3-9474-1A3956D46DE8}") = "Assets", "Assets", "{CF00E3F9-73D1-440E-9AFA-8C0B643E679D}"
EndProject
Project("{2150E333-8FDC-42A3-9474-1A3956D46DE8}") = "Shaders", "Shaders", "{68DCF1DC-4F5D-4067-A896-282104E6DDA7}"
	ProjectSection(SolutionItems) = preProject
		Assets\Shaders\DoColor.fx = Assets\Shaders\DoColor.fx
		Assets\Shaders\DoSomething.fx = Assets\Shaders\DoSomething.fx
	EndProjectSection
EndProject
Global
	GlobalSection(SolutionConfigurationPlatforms) = preSolution
		Debug|x64 = Debug|x64
		Debug|x86 = Debug|x86
		Release|x64 = Release|x64
		Release|x86 = Release|x86
	EndGlobalSection
	GlobalSection(ProjectConfigurationPlatforms) = postSolution
		{3B539194-0711-44F2-86A3-D60BD219C8B3}.Debug|x64.ActiveCfg = Debug|x64
		{3B539194-0711-44F2-86A3-D60BD219C8B3}.Debug|x64.Build.0 = Debug|x64
		{3B539194-0711-44F2-86A3-D60BD219C8B3}.Debug|x86.ActiveCfg = Debug|Win32
		{3B539194-0711-44F2-86A3-D60BD219C8B3}.Debug|x86.Build.0 = Debug|Win32
		{3B539194-0711-44F2-86A3-D60BD219C8B3}.Release|x64.ActiveCfg = Release|x64
		{3B539194-0711-44F2-86A3-D60BD219C8B3}.Release|x64.Build.0 = Release|x64
		{3B539194-0711-44F2-86A3-D60BD219C8B3}.Release|x86.ActiveCfg = Release|Win32
		{3B539194-0711-44F2-86A3-D60BD219C8B3}.Release|x86.Build.0 = Release|Win32
		{08F6AFEC-D45C-489B-A354-F23E5E9D245D}.Debug|x64.ActiveCfg = Debug|x64
		{08F6AFEC-D45C-489B-A354-F23E5E9D245D}.Debug|x64.Build.0 = Debug|x64
		{08F6AFEC-D45C-489B-A354-F23E5E9D245D}.Debug|x86.ActiveCfg = Debug|Win32
		{08F6AFEC-D45C-489B-A354-F23E5E9D245D}.Debug|x86.Build.0 = Debug|Win32
		{08F6AFEC-D45C-489B-A354-F23E5E9D245D}.Release|x64.ActiveCfg = Release|x64
		{08F6AFEC-D45C-489B-A354-F23E5E9D245D}.Release|x64.Build.0 = Release|x64
		{08F6AFEC-D45C-489B-A354-F23E5E9D245D}.Release|x86.ActiveCfg = Release|Win32
		{08F6AFEC-D45C-489B-A354-F23E5E9D245D}.Release|x86.Build.0 = Release|Win32
		{4301A144-2A74-45ED-ADF1-3E502C50392B}.Debug|x64.ActiveCfg = Debug|x64
		{4301A144-2A74-45ED-ADF1-3E502C50392B}.Debug|x64.Build.0 = Debug|x64
		{4301A144-2A74-45ED-ADF1-3E502C50392B}.Debug|x86.ActiveCfg = Debug|Win32
		{4301A144-2A74-45ED-ADF1-3E502C50392B}.Debug|x86.Build.0 = Debug|Win32
		{4301A144-2A74-45ED-ADF1-3E502C50392B}.Release|x64.ActiveCfg = Release|x64
		{4301A144-2A74-45ED-ADF1-3E502C50392B}.Release|x64.Build.0 = Release|x64
		{4301A144-2A74-45ED-ADF1-3E502C50392B}.Release|x86.ActiveCfg = Release|Win32
		{4301A144-2A74-45ED-ADF1-3E502C50392B}.Release|x86.Build.0 = Release|Win32
		{3629F01A-6FED-42EB-B308-E9F7F1346EAF}.Debug|x64.ActiveCfg = Debug|x64
		{3629F01A-6FED-42EB-B308-E9F7F1346EAF}.Debug|x64.Build.0 = Debug|x64
		{3629F01A-6FED-42EB-B308-E9F7F1346EAF}.Debug|x86.ActiveCfg = Debug|Win32
		{3629F01A-6FED-42EB-B308-E9F7F1346EAF}.Debug|x86.Build.0 = Debug|Win32
		{3629F01A-6FED-42EB-B308-E9F7F1346EAF}.Release|x64.ActiveCfg = Release|x64
		{3629F01A-6FED-42EB-B308-E9F7F1346EAF}.Release|x64.Build.0 = Release|x64
		{3629F01A-6FED-42EB-B308-E9F7F1346EAF}.Release|x86.ActiveCfg = Release|Win32
		{3629F01A-6FED-42EB-B308-E9F7F1346EAF}.Release|x86.Build.0 = Release|Win32
		{3E24FFB2-C327-42CB-96B7-E19F0B1F3663}.Debug|x64.ActiveCfg = Debug|x64
		{3E24FFB2-C327-42CB-96B7-E19F0B1F3663}.Debug|x64.Build.0 = Debug|x64
		{3E24FFB2-C327-42CB-96B7-E19F0B1F3663}.Debug|x86.ActiveCfg = Debug|Win32
		{3E24FFB2-C327-42CB-96B7-E19F0B1F3663}.Debug|x86.Build.0 = Debug|Win32
		{3E24FFB2-C327-42CB-96B7-E19F0B1F3663}.Release|x64.ActiveCfg = Release|x64
		{3E24FFB2-C327-42CB-96B7-E19F0B1F3663}.Release|x64.Build.0 = Release|x64
		{3E24FFB2-C327-42CB-96B7-E19F0B1F3663}.Release|x86.ActiveCfg = Release|Win32
		{3E24FFB2-C327-42CB-96B7-E19F0B1F3663}.Release|x86.Build.0 = Release|Win32
		{E0B52AE7-E160-4D32-BF3F-910B785E5A8E}.Debug|x64.ActiveCfg = Debug|x64
		{E0B52AE7-E160-4D32-BF3F-910B785E5A8E}.Debug|x64.Build.0 = Debug|x64
		{E0B52AE7-E160-4D32-BF3F-910B785E5A8E}.Debug|x86.ActiveCfg = Debug|Win32
		{E0B52AE7-E160-4D32-BF3F-910B785E5A8E}.Debug|x86.Build.0 = Debug|Win32
		{E0B52AE7-E160-4D32-BF3F-910B785E5A8E}.Release|x64.ActiveCfg = Release|x64
		{E0B52AE7-E160-4D32-BF3F-910B785E5A8E}.Release|x64.Build.0 = Release|x64
		{E0B52AE7-E160-4D32-BF3F-910B785E5A8E}.Release|x86.ActiveCfg = Release|Win32
		{E0B52AE7-E160-4D32-BF3F-910B785E5A8E}.Release|x86.Build.0 = Release|Win32
		{007F097F-F63A-40A8-8132-0FAAC735A57A}.Debug|x64.ActiveCfg = Debug|x64
		{007F097F-F63A-40A8-8132-0FAAC735A57A}.Debug|x64.Build.0 = Debug|x64
		{007F097F-F63A-40A8-8132-0FAAC735A57A}.Debug|x86.ActiveCfg = Debug|Win32
		{007F097F-F63A-40A8-8132-0FAAC735A57A}.Debug|x86.Build.0 = Debug|Win32
		{007F097F-F63A-40A8-8132-0FAAC735A57A}.Release|x64.ActiveCfg = Release|x64
		{007F097F-F63A-40A8-8132-0FAAC735A57A}.Release|x64.Build.0 = Release|x64
		{007F097F-F63A-40A8-8132-0FAAC735A57A}.Release|x86.ActiveCfg = Release|Win32
		{007F097F-F63A-40A8-8132-0FAAC735A57A}.Release|x86.Build.0 = Release|Win32
		{8C225F97-6928-40E3-9A79-C254C4AF2162}.Debug|x64.ActiveCfg = Debug|x64
		{8C225F97-6928-40E3-9A79-C254C4AF2162}.Debug|x64.Build.0 = Debug|x64
		{8C225F97-6928-40E3-9A79-C254C4AF2162}.Debug|x86.ActiveCfg = Debug|Win32
		{8C225F97-6928-40E3-9A79-C254C4AF2162}.Debug|x86.Build.0 = Debug|Win32
		{8C225F97-6928-40E3-9A79-C254C4AF2162}.Release|x64.ActiveCfg = Release|x64
		{8C225F97-6928-40E3-9A79-C254C4AF2162}.Release|x64.Build.0 = Release|x64
		{8C225F97-6928-40E3-9A79-C254C4AF2162}.Release|x86.ActiveCfg = Release|Win32
		{8C225F97-6928-40E3-9A79-C254C4AF2162}.Release|x86.Build.0 = Release|Win32
	EndGlobalSection
	GlobalSection(SolutionProperties) = preSolution
		HideSolutionNode = FALSE
	EndGlobalSection
	GlobalSection(NestedProjects) = preSolution
		{3B539194-0711-44F2-86A3-D60BD219C8B3} = {02EA681E-C7D8-13C7-8484-4AC65E1B71E8}
		{08F6AFEC-D45C-489B-A354-F23E5E9D245D} = {327DF2BD-C5C1-4F3D-A451-D0F64E995D6F}
		{4301A144-2A74-45ED-ADF1-3E502C50392B} = {793F6119-EA38-4DD8-AAB8-F19A932BCD23}
		{3629F01A-6FED-42EB-B308-E9F7F1346EAF} = {327DF2BD-C5C1-4F3D-A451-D0F64E995D6F}
		{3E24FFB2-C327-42CB-96B7-E19F0B1F3663} = {327DF2BD-C5C1-4F3D-A451-D0F64E995D6F}
		{E0B52AE7-E160-4D32-BF3F-910B785E5A8E} = {93B8F512-EB92-4C43-9B19-BE9D9AC90465}
		{007F097F-F63A-40A8-8132-0FAAC735A57A} = {327DF2BD-C5C1-4F3D-A451-D0F64E995D6F}
		{8C225F97-6928-40E3-9A79-C254C4AF2162} = {793F6119-EA38-4DD8-AAB8-F19A932BCD23}
		{68DCF1DC-4F5D-4067-A896-282104E6DDA7} = {CF00E3F9-73D1-440E-9AFA-8C0B643E679D}
	EndGlobalSection
	GlobalSection(ExtensibilityGlobals) = postSolution
		SolutionGuid = {212F451A-2DCC-461A-9894-40A07E8FAE3B}
	EndGlobalSection
EndGlobal
