<?xml version="1.0" encoding="utf-8"?>
<Project ToolsVersion="4.0" xmlns="http://schemas.microsoft.com/developer/msbuild/2003">
  <ItemGroup>
    <Filter Include="Inc">
      <UniqueIdentifier>{58637167-3c46-4b1b-82d3-fda9bb7a91f3}</UniqueIdentifier>
    </Filter>
    <Filter Include="Scr">
      <UniqueIdentifier>{579ca720-9c9d-4a10-8d64-f8d3d742ef35}</UniqueIdentifier>
    </Filter>
  </ItemGroup>
  <ItemGroup>
    <ClInclude Include="Inc\VisualEngine.h">
      <Filter>Inc</Filter>
    </ClInclude>
    <ClInclude Include="Inc\Common.h">
      <Filter>Inc</Filter>
    </ClInclude>
    <ClInclude Include="Src\Precompiled.h">
      <Filter>Scr</Filter>
    </ClInclude>
    <ClInclude Include="Inc\App.h">
      <Filter>Inc</Filter>
    </ClInclude>
    <ClInclude Include="Inc\AppState.h">
      <Filter>Inc</Filter>
    </ClInclude>
  </ItemGroup>
  <ItemGroup>
    <ClCompile Include="Src\Precompiled.cpp">
      <Filter>Scr</Filter>
    </ClCompile>
    <ClCompile Include="Src\App.cpp">
      <Filter>Scr</Filter>
    </ClCompile>
    <ClCompile Include="Src\VisualEngine.cpp">
      <Filter>Scr</Filter>
    </ClCompile>
  </ItemGroup>
</Project>