<?xml version="1.0" encoding="utf-8"?>
<Project ToolsVersion="4.0" xmlns="http://schemas.microsoft.com/developer/msbuild/2003">
  <ItemGroup>
    <Filter Include="Inc">
      <UniqueIdentifier>{ef250ca1-98f0-449a-8f7e-bd58037f61a3}</UniqueIdentifier>
    </Filter>
    <Filter Include="Scr">
      <UniqueIdentifier>{f3343331-2838-4f44-b0d2-c90ddcbd0bcf}</UniqueIdentifier>
    </Filter>
  </ItemGroup>
  <ItemGroup>
    <ClInclude Include="Inc\Common.h">
      <Filter>Inc</Filter>
    </ClInclude>
    <ClInclude Include="Inc\Graphics.h">
      <Filter>Inc</Filter>
    </ClInclude>
    <ClInclude Include="Scr\Precompiled.h">
      <Filter>Scr</Filter>
    </ClInclude>
    <ClInclude Include="Scr\Color.h">
      <Filter>Inc</Filter>
    </ClInclude>
    <ClInclude Include="Inc\GraphicsSystem.h">
      <Filter>Inc</Filter>
    </ClInclude>
  </ItemGroup>
  <ItemGroup>
    <ClCompile Include="Scr\Precompiled.cpp">
      <Filter>Scr</Filter>
    </ClCompile>
    <ClCompile Include="Scr\GraphicsSystem.cpp">
      <Filter>Scr</Filter>
    </ClCompile>
  </ItemGroup>
</Project>