<?xml version="1.0" encoding="utf-8"?>
<Project ToolsVersion="4.0" xmlns="http://schemas.microsoft.com/developer/msbuild/2003">
  <ItemGroup>
    <Filter Include="Inc">
      <UniqueIdentifier>{938c5182-8340-465c-a512-b74f8f3ec98d}</UniqueIdentifier>
    </Filter>
    <Filter Include="Scr">
      <UniqueIdentifier>{58bd8667-3eab-49f5-9aee-934eef958592}</UniqueIdentifier>
    </Filter>
  </ItemGroup>
  <ItemGroup>
    <ClInclude Include="Inc\EMath.h">
      <Filter>Inc</Filter>
    </ClInclude>
    <ClInclude Include="Scr\Precompiled.h">
      <Filter>Scr</Filter>
    </ClInclude>
    <ClInclude Include="Inc\Constants.h">
      <Filter>Inc</Filter>
    </ClInclude>
    <ClInclude Include="Inc\Vector2.h">
      <Filter>Inc</Filter>
    </ClInclude>
    <ClInclude Include="Inc\Vector3.h">
      <Filter>Inc</Filter>
    </ClInclude>
    <ClInclude Include="Inc\Vector4.h">
      <Filter>Inc</Filter>
    </ClInclude>
    <ClInclude Include="Inc\Common.h">
      <Filter>Inc</Filter>
    </ClInclude>
    <ClInclude Include="Inc\Matrix4.h">
      <Filter>Inc</Filter>
    </ClInclude>
    <ClInclude Include="Inc\Quaternion.h">
      <Filter>Inc</Filter>
    </ClInclude>
  </ItemGroup>
  <ItemGroup>
    <ClCompile Include="Scr\Precompiled.cpp">
      <Filter>Scr</Filter>
    </ClCompile>
    <ClCompile Include="Scr\EMath.cpp">
      <Filter>Scr</Filter>
    </ClCompile>
  </ItemGroup>
</Project>